// !$*UTF8*$!
{
	archiveVersion = 1;
	classes = {
	};
	objectVersion = 46;
	objects = {

/* Begin PBXBuildFile section */
		42049B5816ADBB61005DD1F9 /* CoreMotion.framework in Frameworks */ = {isa = PBXBuildFile; fileRef = 42049B5216ADBB61005DD1F9 /* CoreMotion.framework */; };
		42049B5916ADBB61005DD1F9 /* Foundation.framework in Frameworks */ = {isa = PBXBuildFile; fileRef = 42049B5316ADBB61005DD1F9 /* Foundation.framework */; };
		42049B5A16ADBB61005DD1F9 /* OpenAL.framework in Frameworks */ = {isa = PBXBuildFile; fileRef = 42049B5416ADBB61005DD1F9 /* OpenAL.framework */; };
		42049B5B16ADBB61005DD1F9 /* OpenGLES.framework in Frameworks */ = {isa = PBXBuildFile; fileRef = 42049B5516ADBB61005DD1F9 /* OpenGLES.framework */; };
		42049B5C16ADBB61005DD1F9 /* QuartzCore.framework in Frameworks */ = {isa = PBXBuildFile; fileRef = 42049B5616ADBB61005DD1F9 /* QuartzCore.framework */; };
		42049B5D16ADBB61005DD1F9 /* UIKit.framework in Frameworks */ = {isa = PBXBuildFile; fileRef = 42049B5716ADBB61005DD1F9 /* UIKit.framework */; };
		42049B5F16ADBBF5005DD1F9 /* libz.dylib in Frameworks */ = {isa = PBXBuildFile; fileRef = 42049B5E16ADBBF5005DD1F9 /* libz.dylib */; };
		42049B6116ADBC0F005DD1F9 /* libbullet.a in Frameworks */ = {isa = PBXBuildFile; fileRef = 42049B6016ADBC0F005DD1F9 /* libbullet.a */; settings = {ATTRIBUTES = (Weak, ); }; };
		42049B6316ADBC30005DD1F9 /* libbullet.a in Frameworks */ = {isa = PBXBuildFile; fileRef = 42049B6216ADBC30005DD1F9 /* libbullet.a */; };
		42049B6516ADBC47005DD1F9 /* liblua.a in Frameworks */ = {isa = PBXBuildFile; fileRef = 42049B6416ADBC47005DD1F9 /* liblua.a */; };
		42049B6A16ADBC63005DD1F9 /* libogg.a in Frameworks */ = {isa = PBXBuildFile; fileRef = 42049B6616ADBC63005DD1F9 /* libogg.a */; };
		42049B6B16ADBC63005DD1F9 /* libvorbis.a in Frameworks */ = {isa = PBXBuildFile; fileRef = 42049B6716ADBC63005DD1F9 /* libvorbis.a */; };
		42049B6F16ADBC7A005DD1F9 /* libpng.a in Frameworks */ = {isa = PBXBuildFile; fileRef = 42049B6E16ADBC7A005DD1F9 /* libpng.a */; };
		42049B7116ADBC8B005DD1F9 /* libpng.a in Frameworks */ = {isa = PBXBuildFile; fileRef = 42049B7016ADBC8B005DD1F9 /* libpng.a */; };
		42049B7316ADBCAB005DD1F9 /* liblua.a in Frameworks */ = {isa = PBXBuildFile; fileRef = 42049B7216ADBCAB005DD1F9 /* liblua.a */; };
		42049B7816ADBCC3005DD1F9 /* libogg.a in Frameworks */ = {isa = PBXBuildFile; fileRef = 42049B7416ADBCC3005DD1F9 /* libogg.a */; };
		42049B7916ADBCC3005DD1F9 /* libvorbis.a in Frameworks */ = {isa = PBXBuildFile; fileRef = 42049B7516ADBCC3005DD1F9 /* libvorbis.a */; };
		42049B7D16ADBCDB005DD1F9 /* Default-568h@2x.png in Resources */ = {isa = PBXBuildFile; fileRef = 42049B7C16ADBCDB005DD1F9 /* Default-568h@2x.png */; };
		421090FA1829A5AE00761E40 /* GameKit.framework in Frameworks */ = {isa = PBXBuildFile; fileRef = 421090F91829A5AE00761E40 /* GameKit.framework */; };
		421090FC1829A5BF00761E40 /* GameKit.framework in Frameworks */ = {isa = PBXBuildFile; fileRef = 421090FB1829A5BF00761E40 /* GameKit.framework */; };
		421539CA16ADC583001308A3 /* libgameplay.a in Frameworks */ = {isa = PBXBuildFile; fileRef = 421539C916ADC583001308A3 /* libgameplay.a */; };
		424CC03C161FCBDD00577827 /* IOKit.framework in Frameworks */ = {isa = PBXBuildFile; fileRef = 424CC03B161FCBDD00577827 /* IOKit.framework */; };
		428F7BDE15CB131A009ED24C /* game.config in Resources */ = {isa = PBXBuildFile; fileRef = 428F7BDD15CB131A009ED24C /* game.config */; };
		42C932C11491A0DB0098216A /* Cocoa.framework in Frameworks */ = {isa = PBXBuildFile; fileRef = 42C932C01491A0DB0098216A /* Cocoa.framework */; };
		42C932EE1491A4CB0098216A /* icon.png in Resources */ = {isa = PBXBuildFile; fileRef = 42C932ED1491A4CB0098216A /* icon.png */; };
		42C932F31491A53E0098216A /* res in Resources */ = {isa = PBXBuildFile; fileRef = 42C932F21491A53E0098216A /* res */; };
		42C933171491A5EB0098216A /* OpenGL.framework in Frameworks */ = {isa = PBXBuildFile; fileRef = 42C933161491A5EB0098216A /* OpenGL.framework */; };
		42C9331D1491A6750098216A /* QuartzCore.framework in Frameworks */ = {isa = PBXBuildFile; fileRef = 42C9331C1491A6750098216A /* QuartzCore.framework */; };
		42C9331F1491A67F0098216A /* OpenAL.framework in Frameworks */ = {isa = PBXBuildFile; fileRef = 42C9331E1491A67F0098216A /* OpenAL.framework */; };
		42C9332F1491A78D0098216A /* libz.dylib in Frameworks */ = {isa = PBXBuildFile; fileRef = 42C9332D1491A7810098216A /* libz.dylib */; };
		5B61612614CCC24C0073B857 /* icon.png in Resources */ = {isa = PBXBuildFile; fileRef = 42C932ED1491A4CB0098216A /* icon.png */; };
		5B61612714CCC24C0073B857 /* res in Resources */ = {isa = PBXBuildFile; fileRef = 42C932F21491A53E0098216A /* res */; };
		76F183211A2BD60B00CD7E49 /* Agent.cpp in Sources */ = {isa = PBXBuildFile; fileRef = 76F182FE1A2BD60B00CD7E49 /* Agent.cpp */; };
		76F183221A2BD60B00CD7E49 /* Agent.cpp in Sources */ = {isa = PBXBuildFile; fileRef = 76F182FE1A2BD60B00CD7E49 /* Agent.cpp */; };
		76F183231A2BD60B00CD7E49 /* arcball.cpp in Sources */ = {isa = PBXBuildFile; fileRef = 76F183001A2BD60B00CD7E49 /* arcball.cpp */; };
		76F183241A2BD60B00CD7E49 /* arcball.cpp in Sources */ = {isa = PBXBuildFile; fileRef = 76F183001A2BD60B00CD7E49 /* arcball.cpp */; };
		76F183251A2BD60B00CD7E49 /* Genome.cpp in Sources */ = {isa = PBXBuildFile; fileRef = 76F183031A2BD60B00CD7E49 /* Genome.cpp */; };
		76F183261A2BD60B00CD7E49 /* Genome.cpp in Sources */ = {isa = PBXBuildFile; fileRef = 76F183031A2BD60B00CD7E49 /* Genome.cpp */; };
		76F183271A2BD60B00CD7E49 /* InstructionSet.cpp in Sources */ = {isa = PBXBuildFile; fileRef = 76F183051A2BD60B00CD7E49 /* InstructionSet.cpp */; };
		76F183281A2BD60B00CD7E49 /* InstructionSet.cpp in Sources */ = {isa = PBXBuildFile; fileRef = 76F183051A2BD60B00CD7E49 /* InstructionSet.cpp */; };
		76F183291A2BD60B00CD7E49 /* Main_Genealogy.cpp in Sources */ = {isa = PBXBuildFile; fileRef = 76F183071A2BD60B00CD7E49 /* Main_Genealogy.cpp */; };
		76F1832A1A2BD60B00CD7E49 /* Main_Genealogy.cpp in Sources */ = {isa = PBXBuildFile; fileRef = 76F183071A2BD60B00CD7E49 /* Main_Genealogy.cpp */; };
		76F1832B1A2BD60B00CD7E49 /* Main_InsertCritter.cpp in Sources */ = {isa = PBXBuildFile; fileRef = 76F183081A2BD60B00CD7E49 /* Main_InsertCritter.cpp */; };
		76F1832C1A2BD60B00CD7E49 /* Main_InsertCritter.cpp in Sources */ = {isa = PBXBuildFile; fileRef = 76F183081A2BD60B00CD7E49 /* Main_InsertCritter.cpp */; };
		76F1832D1A2BD60B00CD7E49 /* Main_SaveLoad.cpp in Sources */ = {isa = PBXBuildFile; fileRef = 76F183091A2BD60B00CD7E49 /* Main_SaveLoad.cpp */; };
		76F1832E1A2BD60B00CD7E49 /* Main_SaveLoad.cpp in Sources */ = {isa = PBXBuildFile; fileRef = 76F183091A2BD60B00CD7E49 /* Main_SaveLoad.cpp */; };
		76F1832F1A2BD60B00CD7E49 /* Main.cpp in Sources */ = {isa = PBXBuildFile; fileRef = 76F1830A1A2BD60B00CD7E49 /* Main.cpp */; };
		76F183301A2BD60B00CD7E49 /* Main.cpp in Sources */ = {isa = PBXBuildFile; fileRef = 76F1830A1A2BD60B00CD7E49 /* Main.cpp */; };
		76F183311A2BD60B00CD7E49 /* Parameters.cpp in Sources */ = {isa = PBXBuildFile; fileRef = 76F1830C1A2BD60B00CD7E49 /* Parameters.cpp */; };
		76F183321A2BD60B00CD7E49 /* Parameters.cpp in Sources */ = {isa = PBXBuildFile; fileRef = 76F1830C1A2BD60B00CD7E49 /* Parameters.cpp */; };
		76F183331A2BD60B00CD7E49 /* ScalableSlider.cpp in Sources */ = {isa = PBXBuildFile; fileRef = 76F1830E1A2BD60B00CD7E49 /* ScalableSlider.cpp */; };
		76F183341A2BD60B00CD7E49 /* ScalableSlider.cpp in Sources */ = {isa = PBXBuildFile; fileRef = 76F1830E1A2BD60B00CD7E49 /* ScalableSlider.cpp */; };
		76F183351A2BD60B00CD7E49 /* SpherePointFinderLinkedList.cpp in Sources */ = {isa = PBXBuildFile; fileRef = 76F183111A2BD60B00CD7E49 /* SpherePointFinderLinkedList.cpp */; };
		76F183361A2BD60B00CD7E49 /* SpherePointFinderLinkedList.cpp in Sources */ = {isa = PBXBuildFile; fileRef = 76F183111A2BD60B00CD7E49 /* SpherePointFinderLinkedList.cpp */; };
		76F183371A2BD60B00CD7E49 /* SphereWorld.cpp in Sources */ = {isa = PBXBuildFile; fileRef = 76F183131A2BD60B00CD7E49 /* SphereWorld.cpp */; };
		76F183381A2BD60B00CD7E49 /* SphereWorld.cpp in Sources */ = {isa = PBXBuildFile; fileRef = 76F183131A2BD60B00CD7E49 /* SphereWorld.cpp */; };
		76F183391A2BD60B00CD7E49 /* UtilsRandom.cpp in Sources */ = {isa = PBXBuildFile; fileRef = 76F183151A2BD60B00CD7E49 /* UtilsRandom.cpp */; };
		76F1833A1A2BD60B00CD7E49 /* UtilsRandom.cpp in Sources */ = {isa = PBXBuildFile; fileRef = 76F183151A2BD60B00CD7E49 /* UtilsRandom.cpp */; };
		76F1833E1A2BD60B00CD7E49 /* ZYWebView.mm in Sources */ = {isa = PBXBuildFile; fileRef = 76F1831B1A2BD60B00CD7E49 /* ZYWebView.mm */; };
		76F183401A2BD60B00CD7E49 /* ZYWebView_iOS.mm in Sources */ = {isa = PBXBuildFile; fileRef = 76F1831D1A2BD60B00CD7E49 /* ZYWebView_iOS.mm */; };
		76F183421A2BD60B00CD7E49 /* ZYWebView.cpp in Sources */ = {isa = PBXBuildFile; fileRef = 76F1831E1A2BD60B00CD7E49 /* ZYWebView.cpp */; };
		76F183461A2BD7E300CD7E49 /* icon1024.png in Resources */ = {isa = PBXBuildFile; fileRef = 76F183451A2BD7E300CD7E49 /* icon1024.png */; };
		76F183481A2BD7FA00CD7E49 /* Images.xcassets in Resources */ = {isa = PBXBuildFile; fileRef = 76F183471A2BD7FA00CD7E49 /* Images.xcassets */; };
		BDBFA8611883491700342B78 /* libgameplay.a in Frameworks */ = {isa = PBXBuildFile; fileRef = BDBFA85E188347B000342B78 /* libgameplay.a */; };
/* End PBXBuildFile section */

/* Begin PBXContainerItemProxy section */
		BDBFA85B188347B000342B78 /* PBXContainerItemProxy */ = {
			isa = PBXContainerItemProxy;
			containerPortal = 5BC4E77F150F879E00CBE1C0 /* gameplay.xcodeproj */;
			proxyType = 2;
			remoteGlobalIDString = 4234D99A14686C52003031B3;
			remoteInfo = "gameplay-macosx";
		};
		BDBFA85D188347B000342B78 /* PBXContainerItemProxy */ = {
			isa = PBXContainerItemProxy;
			containerPortal = 5BC4E77F150F879E00CBE1C0 /* gameplay.xcodeproj */;
			proxyType = 2;
			remoteGlobalIDString = 5B04C5CA14BFCFE100EB0071;
			remoteInfo = "gameplay-ios";
		};
		BDBFA85F1883490A00342B78 /* PBXContainerItemProxy */ = {
			isa = PBXContainerItemProxy;
			containerPortal = 5BC4E77F150F879E00CBE1C0 /* gameplay.xcodeproj */;
			proxyType = 1;
			remoteGlobalIDString = 5B04C52B14BFCFE100EB0071;
			remoteInfo = "gameplay-ios";
		};
/* End PBXContainerItemProxy section */

/* Begin PBXFileReference section */
		42049B5216ADBB61005DD1F9 /* CoreMotion.framework */ = {isa = PBXFileReference; lastKnownFileType = wrapper.framework; name = CoreMotion.framework; path = Platforms/iPhoneOS.platform/Developer/SDKs/iPhoneOS7.0.sdk/System/Library/Frameworks/CoreMotion.framework; sourceTree = DEVELOPER_DIR; };
		42049B5316ADBB61005DD1F9 /* Foundation.framework */ = {isa = PBXFileReference; lastKnownFileType = wrapper.framework; name = Foundation.framework; path = Platforms/iPhoneOS.platform/Developer/SDKs/iPhoneOS7.0.sdk/System/Library/Frameworks/Foundation.framework; sourceTree = DEVELOPER_DIR; };
		42049B5416ADBB61005DD1F9 /* OpenAL.framework */ = {isa = PBXFileReference; lastKnownFileType = wrapper.framework; name = OpenAL.framework; path = Platforms/iPhoneOS.platform/Developer/SDKs/iPhoneOS7.0.sdk/System/Library/Frameworks/OpenAL.framework; sourceTree = DEVELOPER_DIR; };
		42049B5516ADBB61005DD1F9 /* OpenGLES.framework */ = {isa = PBXFileReference; lastKnownFileType = wrapper.framework; name = OpenGLES.framework; path = Platforms/iPhoneOS.platform/Developer/SDKs/iPhoneOS7.0.sdk/System/Library/Frameworks/OpenGLES.framework; sourceTree = DEVELOPER_DIR; };
		42049B5616ADBB61005DD1F9 /* QuartzCore.framework */ = {isa = PBXFileReference; lastKnownFileType = wrapper.framework; name = QuartzCore.framework; path = Platforms/iPhoneOS.platform/Developer/SDKs/iPhoneOS7.0.sdk/System/Library/Frameworks/QuartzCore.framework; sourceTree = DEVELOPER_DIR; };
		42049B5716ADBB61005DD1F9 /* UIKit.framework */ = {isa = PBXFileReference; lastKnownFileType = wrapper.framework; name = UIKit.framework; path = Platforms/iPhoneOS.platform/Developer/SDKs/iPhoneOS7.0.sdk/System/Library/Frameworks/UIKit.framework; sourceTree = DEVELOPER_DIR; };
		42049B5E16ADBBF5005DD1F9 /* libz.dylib */ = {isa = PBXFileReference; lastKnownFileType = "compiled.mach-o.dylib"; name = libz.dylib; path = Platforms/iPhoneOS.platform/Developer/SDKs/iPhoneOS7.0.sdk/usr/lib/libz.dylib; sourceTree = DEVELOPER_DIR; };
		42049B6016ADBC0F005DD1F9 /* libbullet.a */ = {isa = PBXFileReference; lastKnownFileType = archive.ar; name = libbullet.a; path = "../gameplay/external-deps/bullet/lib/ios/armv7/libbullet.a"; sourceTree = "<group>"; };
		42049B6216ADBC30005DD1F9 /* libbullet.a */ = {isa = PBXFileReference; lastKnownFileType = archive.ar; name = libbullet.a; path = "../gameplay/external-deps/bullet/lib/macosx/libbullet.a"; sourceTree = "<group>"; };
		42049B6416ADBC47005DD1F9 /* liblua.a */ = {isa = PBXFileReference; lastKnownFileType = archive.ar; name = liblua.a; path = "../gameplay/external-deps/lua/lib/macosx/liblua.a"; sourceTree = "<group>"; };
		42049B6616ADBC63005DD1F9 /* libogg.a */ = {isa = PBXFileReference; lastKnownFileType = archive.ar; name = libogg.a; path = "../gameplay/external-deps/oggvorbis/lib/macosx/libogg.a"; sourceTree = "<group>"; };
		42049B6716ADBC63005DD1F9 /* libvorbis.a */ = {isa = PBXFileReference; lastKnownFileType = archive.ar; name = libvorbis.a; path = "../gameplay/external-deps/oggvorbis/lib/macosx/libvorbis.a"; sourceTree = "<group>"; };
		42049B6E16ADBC7A005DD1F9 /* libpng.a */ = {isa = PBXFileReference; lastKnownFileType = archive.ar; name = libpng.a; path = "../gameplay/external-deps/png/lib/macosx/libpng.a"; sourceTree = "<group>"; };
		42049B7016ADBC8B005DD1F9 /* libpng.a */ = {isa = PBXFileReference; lastKnownFileType = archive.ar; name = libpng.a; path = "../gameplay/external-deps/png/lib/ios/armv7/libpng.a"; sourceTree = "<group>"; };
		42049B7216ADBCAB005DD1F9 /* liblua.a */ = {isa = PBXFileReference; lastKnownFileType = archive.ar; name = liblua.a; path = "../gameplay/external-deps/lua/lib/ios/armv7/liblua.a"; sourceTree = "<group>"; };
		42049B7416ADBCC3005DD1F9 /* libogg.a */ = {isa = PBXFileReference; lastKnownFileType = archive.ar; name = libogg.a; path = "../gameplay/external-deps/oggvorbis/lib/ios/armv7/libogg.a"; sourceTree = "<group>"; };
		42049B7516ADBCC3005DD1F9 /* libvorbis.a */ = {isa = PBXFileReference; lastKnownFileType = archive.ar; name = libvorbis.a; path = "../gameplay/external-deps/oggvorbis/lib/ios/armv7/libvorbis.a"; sourceTree = "<group>"; };
		42049B7C16ADBCDB005DD1F9 /* Default-568h@2x.png */ = {isa = PBXFileReference; lastKnownFileType = image.png; path = "Default-568h@2x.png"; sourceTree = "<group>"; };
		421090F91829A5AE00761E40 /* GameKit.framework */ = {isa = PBXFileReference; lastKnownFileType = wrapper.framework; name = GameKit.framework; path = System/Library/Frameworks/GameKit.framework; sourceTree = SDKROOT; };
		421090FB1829A5BF00761E40 /* GameKit.framework */ = {isa = PBXFileReference; lastKnownFileType = wrapper.framework; name = GameKit.framework; path = Platforms/iPhoneOS.platform/Developer/SDKs/iPhoneOS7.0.sdk/System/Library/Frameworks/GameKit.framework; sourceTree = DEVELOPER_DIR; };
		421539C916ADC583001308A3 /* libgameplay.a */ = {isa = PBXFileReference; lastKnownFileType = archive.ar; name = libgameplay.a; path = "~/Library/Developer/Xcode/DerivedData/gameplay-exiunaubxxjndaapmcqkaoeboiob/Build/Products/Debug/libgameplay.a"; sourceTree = "<group>"; };
		421539CC16ADC592001308A3 /* libgameplay.a */ = {isa = PBXFileReference; lastKnownFileType = archive.ar; name = libgameplay.a; path = "~/Library/Developer/Xcode/DerivedData/gameplay-exiunaubxxjndaapmcqkaoeboiob/Build/Products/Debug-iphoneos/libgameplay.a"; sourceTree = "<group>"; };
		424CC03B161FCBDD00577827 /* IOKit.framework */ = {isa = PBXFileReference; lastKnownFileType = wrapper.framework; name = IOKit.framework; path = System/Library/Frameworks/IOKit.framework; sourceTree = SDKROOT; };
		428F7BDD15CB131A009ED24C /* game.config */ = {isa = PBXFileReference; fileEncoding = 4; lastKnownFileType = text; path = game.config; sourceTree = "<group>"; };
		42C932BC1491A0DB0098216A /* MutationPlanet-macosx.app */ = {isa = PBXFileReference; explicitFileType = wrapper.application; includeInIndex = 0; path = "MutationPlanet-macosx.app"; sourceTree = BUILT_PRODUCTS_DIR; };
		42C932C01491A0DB0098216A /* Cocoa.framework */ = {isa = PBXFileReference; lastKnownFileType = wrapper.framework; name = Cocoa.framework; path = System/Library/Frameworks/Cocoa.framework; sourceTree = SDKROOT; };
		42C932ED1491A4CB0098216A /* icon.png */ = {isa = PBXFileReference; lastKnownFileType = image.png; path = icon.png; sourceTree = "<group>"; };
		42C932F21491A53E0098216A /* res */ = {isa = PBXFileReference; lastKnownFileType = folder; path = res; sourceTree = "<group>"; };
		42C933161491A5EB0098216A /* OpenGL.framework */ = {isa = PBXFileReference; lastKnownFileType = wrapper.framework; name = OpenGL.framework; path = System/Library/Frameworks/OpenGL.framework; sourceTree = SDKROOT; };
		42C9331C1491A6750098216A /* QuartzCore.framework */ = {isa = PBXFileReference; lastKnownFileType = wrapper.framework; name = QuartzCore.framework; path = System/Library/Frameworks/QuartzCore.framework; sourceTree = SDKROOT; };
		42C9331E1491A67F0098216A /* OpenAL.framework */ = {isa = PBXFileReference; lastKnownFileType = wrapper.framework; name = OpenAL.framework; path = System/Library/Frameworks/OpenAL.framework; sourceTree = SDKROOT; };
		42C9332D1491A7810098216A /* libz.dylib */ = {isa = PBXFileReference; lastKnownFileType = "compiled.mach-o.dylib"; name = libz.dylib; path = usr/lib/libz.dylib; sourceTree = SDKROOT; };
		5B61611214CCC2200073B857 /* MutationPlanet-macosx.plist */ = {isa = PBXFileReference; fileEncoding = 4; lastKnownFileType = text.plist.xml; path = "MutationPlanet-macosx.plist"; sourceTree = "<group>"; };
		5B61612C14CCC24C0073B857 /* MutationPlanet-ios.app */ = {isa = PBXFileReference; explicitFileType = wrapper.application; includeInIndex = 0; path = "MutationPlanet-ios.app"; sourceTree = BUILT_PRODUCTS_DIR; };
		5B61612E14CCC24D0073B857 /* MutationPlanet-ios.plist */ = {isa = PBXFileReference; lastKnownFileType = text.plist.xml; path = "MutationPlanet-ios.plist"; sourceTree = "<group>"; };
		5BC4E77F150F879E00CBE1C0 /* gameplay.xcodeproj */ = {isa = PBXFileReference; lastKnownFileType = "wrapper.pb-project"; name = gameplay.xcodeproj; path = ../gameplay/gameplay/gameplay.xcodeproj; sourceTree = SOURCE_ROOT; };
		5BC4E849150F911D00CBE1C0 /* shaders */ = {isa = PBXFileReference; lastKnownFileType = text; name = shaders; path = ../gameplay/gameplay/res/shaders; sourceTree = SOURCE_ROOT; };
		76F182FE1A2BD60B00CD7E49 /* Agent.cpp */ = {isa = PBXFileReference; fileEncoding = 4; lastKnownFileType = sourcecode.cpp.cpp; path = Agent.cpp; sourceTree = "<group>"; };
		76F182FF1A2BD60B00CD7E49 /* Agent.h */ = {isa = PBXFileReference; fileEncoding = 4; lastKnownFileType = sourcecode.c.h; path = Agent.h; sourceTree = "<group>"; };
		76F183001A2BD60B00CD7E49 /* arcball.cpp */ = {isa = PBXFileReference; fileEncoding = 4; lastKnownFileType = sourcecode.cpp.cpp; path = arcball.cpp; sourceTree = "<group>"; };
		76F183011A2BD60B00CD7E49 /* arcball.h */ = {isa = PBXFileReference; fileEncoding = 4; lastKnownFileType = sourcecode.c.h; path = arcball.h; sourceTree = "<group>"; };
		76F183021A2BD60B00CD7E49 /* Constants.h */ = {isa = PBXFileReference; fileEncoding = 4; lastKnownFileType = sourcecode.c.h; path = Constants.h; sourceTree = "<group>"; };
		76F183031A2BD60B00CD7E49 /* Genome.cpp */ = {isa = PBXFileReference; fileEncoding = 4; lastKnownFileType = sourcecode.cpp.cpp; path = Genome.cpp; sourceTree = "<group>"; };
		76F183041A2BD60B00CD7E49 /* Genome.h */ = {isa = PBXFileReference; fileEncoding = 4; lastKnownFileType = sourcecode.c.h; path = Genome.h; sourceTree = "<group>"; };
		76F183051A2BD60B00CD7E49 /* InstructionSet.cpp */ = {isa = PBXFileReference; fileEncoding = 4; lastKnownFileType = sourcecode.cpp.cpp; path = InstructionSet.cpp; sourceTree = "<group>"; };
		76F183061A2BD60B00CD7E49 /* InstructionSet.h */ = {isa = PBXFileReference; fileEncoding = 4; lastKnownFileType = sourcecode.c.h; path = InstructionSet.h; sourceTree = "<group>"; };
		76F183071A2BD60B00CD7E49 /* Main_Genealogy.cpp */ = {isa = PBXFileReference; fileEncoding = 4; lastKnownFileType = sourcecode.cpp.cpp; path = Main_Genealogy.cpp; sourceTree = "<group>"; };
		76F183081A2BD60B00CD7E49 /* Main_InsertCritter.cpp */ = {isa = PBXFileReference; fileEncoding = 4; lastKnownFileType = sourcecode.cpp.cpp; path = Main_InsertCritter.cpp; sourceTree = "<group>"; };
		76F183091A2BD60B00CD7E49 /* Main_SaveLoad.cpp */ = {isa = PBXFileReference; fileEncoding = 4; lastKnownFileType = sourcecode.cpp.cpp; path = Main_SaveLoad.cpp; sourceTree = "<group>"; };
		76F1830A1A2BD60B00CD7E49 /* Main.cpp */ = {isa = PBXFileReference; fileEncoding = 4; lastKnownFileType = sourcecode.cpp.cpp; path = Main.cpp; sourceTree = "<group>"; };
		76F1830B1A2BD60B00CD7E49 /* Main.h */ = {isa = PBXFileReference; fileEncoding = 4; lastKnownFileType = sourcecode.c.h; path = Main.h; sourceTree = "<group>"; };
		76F1830C1A2BD60B00CD7E49 /* Parameters.cpp */ = {isa = PBXFileReference; fileEncoding = 4; lastKnownFileType = sourcecode.cpp.cpp; path = Parameters.cpp; sourceTree = "<group>"; };
		76F1830D1A2BD60B00CD7E49 /* Parameters.h */ = {isa = PBXFileReference; fileEncoding = 4; lastKnownFileType = sourcecode.c.h; path = Parameters.h; sourceTree = "<group>"; };
		76F1830E1A2BD60B00CD7E49 /* ScalableSlider.cpp */ = {isa = PBXFileReference; fileEncoding = 4; lastKnownFileType = sourcecode.cpp.cpp; path = ScalableSlider.cpp; sourceTree = "<group>"; };
		76F1830F1A2BD60B00CD7E49 /* ScalableSlider.h */ = {isa = PBXFileReference; fileEncoding = 4; lastKnownFileType = sourcecode.c.h; path = ScalableSlider.h; sourceTree = "<group>"; };
		76F183101A2BD60B00CD7E49 /* SphereEntity.h */ = {isa = PBXFileReference; fileEncoding = 4; lastKnownFileType = sourcecode.c.h; path = SphereEntity.h; sourceTree = "<group>"; };
		76F183111A2BD60B00CD7E49 /* SpherePointFinderLinkedList.cpp */ = {isa = PBXFileReference; fileEncoding = 4; lastKnownFileType = sourcecode.cpp.cpp; path = SpherePointFinderLinkedList.cpp; sourceTree = "<group>"; };
		76F183121A2BD60B00CD7E49 /* SpherePointFinderLinkedList.h */ = {isa = PBXFileReference; fileEncoding = 4; lastKnownFileType = sourcecode.c.h; path = SpherePointFinderLinkedList.h; sourceTree = "<group>"; };
		76F183131A2BD60B00CD7E49 /* SphereWorld.cpp */ = {isa = PBXFileReference; fileEncoding = 4; lastKnownFileType = sourcecode.cpp.cpp; path = SphereWorld.cpp; sourceTree = "<group>"; };
		76F183141A2BD60B00CD7E49 /* SphereWorld.h */ = {isa = PBXFileReference; fileEncoding = 4; lastKnownFileType = sourcecode.c.h; path = SphereWorld.h; sourceTree = "<group>"; };
		76F183151A2BD60B00CD7E49 /* UtilsRandom.cpp */ = {isa = PBXFileReference; fileEncoding = 4; lastKnownFileType = sourcecode.cpp.cpp; path = UtilsRandom.cpp; sourceTree = "<group>"; };
		76F183161A2BD60B00CD7E49 /* UtilsRandom.h */ = {isa = PBXFileReference; fileEncoding = 4; lastKnownFileType = sourcecode.c.h; path = UtilsRandom.h; sourceTree = "<group>"; };
		76F183191A2BD60B00CD7E49 /* ZYWebView_Android.cpp */ = {isa = PBXFileReference; fileEncoding = 4; lastKnownFileType = sourcecode.cpp.cpp; path = ZYWebView_Android.cpp; sourceTree = "<group>"; };
		76F1831B1A2BD60B00CD7E49 /* ZYWebView.mm */ = {isa = PBXFileReference; fileEncoding = 4; lastKnownFileType = sourcecode.cpp.objcpp; path = ZYWebView.mm; sourceTree = "<group>"; };
		76F1831C1A2BD60B00CD7E49 /* ZYWebView_iOS.h */ = {isa = PBXFileReference; fileEncoding = 4; lastKnownFileType = sourcecode.c.h; path = ZYWebView_iOS.h; sourceTree = "<group>"; };
		76F1831D1A2BD60B00CD7E49 /* ZYWebView_iOS.mm */ = {isa = PBXFileReference; fileEncoding = 4; lastKnownFileType = sourcecode.cpp.objcpp; path = ZYWebView_iOS.mm; sourceTree = "<group>"; };
		76F1831E1A2BD60B00CD7E49 /* ZYWebView.cpp */ = {isa = PBXFileReference; fileEncoding = 4; lastKnownFileType = sourcecode.cpp.cpp; path = ZYWebView.cpp; sourceTree = "<group>"; };
		76F1831F1A2BD60B00CD7E49 /* ZYWebView.h */ = {isa = PBXFileReference; fileEncoding = 4; lastKnownFileType = sourcecode.c.h; path = ZYWebView.h; sourceTree = "<group>"; };
		76F183451A2BD7E300CD7E49 /* icon1024.png */ = {isa = PBXFileReference; lastKnownFileType = image.png; path = icon1024.png; sourceTree = "<group>"; };
		76F183471A2BD7FA00CD7E49 /* Images.xcassets */ = {isa = PBXFileReference; lastKnownFileType = folder.assetcatalog; name = Images.xcassets; path = "MutationPlanet-macosx/Images.xcassets"; sourceTree = "<group>"; };
/* End PBXFileReference section */

/* Begin PBXFrameworksBuildPhase section */
		42C932B91491A0DB0098216A /* Frameworks */ = {
			isa = PBXFrameworksBuildPhase;
			buildActionMask = 2147483647;
			files = (
				421539CA16ADC583001308A3 /* libgameplay.a in Frameworks */,
				42049B6316ADBC30005DD1F9 /* libbullet.a in Frameworks */,
				42049B6516ADBC47005DD1F9 /* liblua.a in Frameworks */,
				42049B6F16ADBC7A005DD1F9 /* libpng.a in Frameworks */,
				421090FA1829A5AE00761E40 /* GameKit.framework in Frameworks */,
				42049B6A16ADBC63005DD1F9 /* libogg.a in Frameworks */,
				42049B6B16ADBC63005DD1F9 /* libvorbis.a in Frameworks */,
				42C9332F1491A78D0098216A /* libz.dylib in Frameworks */,
				424CC03C161FCBDD00577827 /* IOKit.framework in Frameworks */,
				42C932C11491A0DB0098216A /* Cocoa.framework in Frameworks */,
				42C9331D1491A6750098216A /* QuartzCore.framework in Frameworks */,
				42C933171491A5EB0098216A /* OpenGL.framework in Frameworks */,
				42C9331F1491A67F0098216A /* OpenAL.framework in Frameworks */,
			);
			runOnlyForDeploymentPostprocessing = 0;
		};
		5B61611714CCC24C0073B857 /* Frameworks */ = {
			isa = PBXFrameworksBuildPhase;
			buildActionMask = 2147483647;
			files = (
				BDBFA8611883491700342B78 /* libgameplay.a in Frameworks */,
				42049B6116ADBC0F005DD1F9 /* libbullet.a in Frameworks */,
				42049B7316ADBCAB005DD1F9 /* liblua.a in Frameworks */,
				42049B7116ADBC8B005DD1F9 /* libpng.a in Frameworks */,
				42049B7816ADBCC3005DD1F9 /* libogg.a in Frameworks */,
				42049B7916ADBCC3005DD1F9 /* libvorbis.a in Frameworks */,
				42049B5F16ADBBF5005DD1F9 /* libz.dylib in Frameworks */,
				42049B5816ADBB61005DD1F9 /* CoreMotion.framework in Frameworks */,
				42049B5916ADBB61005DD1F9 /* Foundation.framework in Frameworks */,
				421090FC1829A5BF00761E40 /* GameKit.framework in Frameworks */,
				42049B5A16ADBB61005DD1F9 /* OpenAL.framework in Frameworks */,
				42049B5B16ADBB61005DD1F9 /* OpenGLES.framework in Frameworks */,
				42049B5C16ADBB61005DD1F9 /* QuartzCore.framework in Frameworks */,
				42049B5D16ADBB61005DD1F9 /* UIKit.framework in Frameworks */,
			);
			runOnlyForDeploymentPostprocessing = 0;
		};
/* End PBXFrameworksBuildPhase section */

/* Begin PBXGroup section */
		42C932B11491A0DB0098216A = {
			isa = PBXGroup;
			children = (
				76F183471A2BD7FA00CD7E49 /* Images.xcassets */,
				76F183451A2BD7E300CD7E49 /* icon1024.png */,
				42049B7C16ADBCDB005DD1F9 /* Default-568h@2x.png */,
				5B61611214CCC2200073B857 /* MutationPlanet-macosx.plist */,
				5B61612E14CCC24D0073B857 /* MutationPlanet-ios.plist */,
				42C932ED1491A4CB0098216A /* icon.png */,
				428F7BDD15CB131A009ED24C /* game.config */,
				42C932F21491A53E0098216A /* res */,
				42C932C61491A0DB0098216A /* src */,
				42C932DD1491A1050098216A /* Libraries */,
				42C932BF1491A0DB0098216A /* Frameworks */,
				42C932BD1491A0DB0098216A /* Products */,
			);
			sourceTree = "<group>";
		};
		42C932BD1491A0DB0098216A /* Products */ = {
			isa = PBXGroup;
			children = (
				42C932BC1491A0DB0098216A /* MutationPlanet-macosx.app */,
				5B61612C14CCC24C0073B857 /* MutationPlanet-ios.app */,
			);
			name = Products;
			sourceTree = "<group>";
		};
		42C932BF1491A0DB0098216A /* Frameworks */ = {
			isa = PBXGroup;
			children = (
				5B61613A14CCC3590073B857 /* MacOSX */,
				5B61613914CCC3560073B857 /* iOS */,
			);
			name = Frameworks;
			sourceTree = "<group>";
		};
		42C932C61491A0DB0098216A /* src */ = {
			isa = PBXGroup;
			children = (
				76F182FE1A2BD60B00CD7E49 /* Agent.cpp */,
				76F182FF1A2BD60B00CD7E49 /* Agent.h */,
				76F183001A2BD60B00CD7E49 /* arcball.cpp */,
				76F183011A2BD60B00CD7E49 /* arcball.h */,
				76F183021A2BD60B00CD7E49 /* Constants.h */,
				76F183031A2BD60B00CD7E49 /* Genome.cpp */,
				76F183041A2BD60B00CD7E49 /* Genome.h */,
				76F183051A2BD60B00CD7E49 /* InstructionSet.cpp */,
				76F183061A2BD60B00CD7E49 /* InstructionSet.h */,
				76F183071A2BD60B00CD7E49 /* Main_Genealogy.cpp */,
				76F183081A2BD60B00CD7E49 /* Main_InsertCritter.cpp */,
				76F183091A2BD60B00CD7E49 /* Main_SaveLoad.cpp */,
				76F1830A1A2BD60B00CD7E49 /* Main.cpp */,
				76F1830B1A2BD60B00CD7E49 /* Main.h */,
				76F1830C1A2BD60B00CD7E49 /* Parameters.cpp */,
				76F1830D1A2BD60B00CD7E49 /* Parameters.h */,
				76F1830E1A2BD60B00CD7E49 /* ScalableSlider.cpp */,
				76F1830F1A2BD60B00CD7E49 /* ScalableSlider.h */,
				76F183101A2BD60B00CD7E49 /* SphereEntity.h */,
				76F183111A2BD60B00CD7E49 /* SpherePointFinderLinkedList.cpp */,
				76F183121A2BD60B00CD7E49 /* SpherePointFinderLinkedList.h */,
				76F183131A2BD60B00CD7E49 /* SphereWorld.cpp */,
				76F183141A2BD60B00CD7E49 /* SphereWorld.h */,
				76F183151A2BD60B00CD7E49 /* UtilsRandom.cpp */,
				76F183161A2BD60B00CD7E49 /* UtilsRandom.h */,
				76F183171A2BD60B00CD7E49 /* webview */,
			);
			path = src;
			sourceTree = "<group>";
		};
		42C932DD1491A1050098216A /* Libraries */ = {
			isa = PBXGroup;
			children = (
				5BC4E825150F8CE600CBE1C0 /* GamePlay */,
				F1F49B8516AD8C22008715A2 /* MacOSX */,
				F1F49B8716AD8C30008715A2 /* iOS */,
			);
			name = Libraries;
			sourceTree = "<group>";
		};
		5B61613914CCC3560073B857 /* iOS */ = {
			isa = PBXGroup;
			children = (
				421090FB1829A5BF00761E40 /* GameKit.framework */,
				42049B5216ADBB61005DD1F9 /* CoreMotion.framework */,
				42049B5316ADBB61005DD1F9 /* Foundation.framework */,
				42049B5416ADBB61005DD1F9 /* OpenAL.framework */,
				42049B5516ADBB61005DD1F9 /* OpenGLES.framework */,
				42049B5616ADBB61005DD1F9 /* QuartzCore.framework */,
				42049B5716ADBB61005DD1F9 /* UIKit.framework */,
			);
			name = iOS;
			sourceTree = "<group>";
		};
		5B61613A14CCC3590073B857 /* MacOSX */ = {
			isa = PBXGroup;
			children = (
				421090F91829A5AE00761E40 /* GameKit.framework */,
				424CC03B161FCBDD00577827 /* IOKit.framework */,
				42C932C01491A0DB0098216A /* Cocoa.framework */,
				42C9331C1491A6750098216A /* QuartzCore.framework */,
				42C933161491A5EB0098216A /* OpenGL.framework */,
				42C9331E1491A67F0098216A /* OpenAL.framework */,
			);
			name = MacOSX;
			sourceTree = "<group>";
		};
		5BC4E825150F8CE600CBE1C0 /* GamePlay */ = {
			isa = PBXGroup;
			children = (
				5BC4E77F150F879E00CBE1C0 /* gameplay.xcodeproj */,
				5BC4E849150F911D00CBE1C0 /* shaders */,
			);
			name = GamePlay;
			sourceTree = "<group>";
		};
		76F183171A2BD60B00CD7E49 /* webview */ = {
			isa = PBXGroup;
			children = (
				76F183181A2BD60B00CD7E49 /* android */,
				76F1831A1A2BD60B00CD7E49 /* ios */,
				76F1831E1A2BD60B00CD7E49 /* ZYWebView.cpp */,
				76F1831F1A2BD60B00CD7E49 /* ZYWebView.h */,
			);
			path = webview;
			sourceTree = "<group>";
		};
		76F183181A2BD60B00CD7E49 /* android */ = {
			isa = PBXGroup;
			children = (
				76F183191A2BD60B00CD7E49 /* ZYWebView_Android.cpp */,
			);
			path = android;
			sourceTree = "<group>";
		};
		76F1831A1A2BD60B00CD7E49 /* ios */ = {
			isa = PBXGroup;
			children = (
				76F1831B1A2BD60B00CD7E49 /* ZYWebView.mm */,
				76F1831C1A2BD60B00CD7E49 /* ZYWebView_iOS.h */,
				76F1831D1A2BD60B00CD7E49 /* ZYWebView_iOS.mm */,
			);
			path = ios;
			sourceTree = "<group>";
		};
		BDBFA857188347B000342B78 /* Products */ = {
			isa = PBXGroup;
			children = (
				BDBFA85C188347B000342B78 /* libgameplay.a */,
				BDBFA85E188347B000342B78 /* libgameplay.a */,
			);
			name = Products;
			sourceTree = "<group>";
		};
		F1F49B8516AD8C22008715A2 /* MacOSX */ = {
			isa = PBXGroup;
			children = (
				421539C916ADC583001308A3 /* libgameplay.a */,
				42049B6216ADBC30005DD1F9 /* libbullet.a */,
				42049B6416ADBC47005DD1F9 /* liblua.a */,
				42049B6E16ADBC7A005DD1F9 /* libpng.a */,
				42049B6616ADBC63005DD1F9 /* libogg.a */,
				42049B6716ADBC63005DD1F9 /* libvorbis.a */,
				42C9332D1491A7810098216A /* libz.dylib */,
			);
			name = MacOSX;
			sourceTree = "<group>";
		};
		F1F49B8716AD8C30008715A2 /* iOS */ = {
			isa = PBXGroup;
			children = (
				421539CC16ADC592001308A3 /* libgameplay.a */,
				42049B6016ADBC0F005DD1F9 /* libbullet.a */,
				42049B7216ADBCAB005DD1F9 /* liblua.a */,
				42049B7016ADBC8B005DD1F9 /* libpng.a */,
				42049B7416ADBCC3005DD1F9 /* libogg.a */,
				42049B7516ADBCC3005DD1F9 /* libvorbis.a */,
				42049B5E16ADBBF5005DD1F9 /* libz.dylib */,
			);
			name = iOS;
			sourceTree = "<group>";
		};
/* End PBXGroup section */

/* Begin PBXNativeTarget section */
		42C932BB1491A0DB0098216A /* MutationPlanet-macosx */ = {
			isa = PBXNativeTarget;
			buildConfigurationList = 42C932DA1491A0DB0098216A /* Build configuration list for PBXNativeTarget "MutationPlanet-macosx" */;
			buildPhases = (
				42C932B81491A0DB0098216A /* Sources */,
				42C932B91491A0DB0098216A /* Frameworks */,
				42C933301491A7B50098216A /* ShellScript */,
				42C932BA1491A0DB0098216A /* Resources */,
			);
			buildRules = (
			);
			dependencies = (
			);
			name = "MutationPlanet-macosx";
			productName = MutationPlanet;
			productReference = 42C932BC1491A0DB0098216A /* MutationPlanet-macosx.app */;
			productType = "com.apple.product-type.application";
		};
		5B61611414CCC24C0073B857 /* MutationPlanet-ios */ = {
			isa = PBXNativeTarget;
			buildConfigurationList = 5B61612914CCC24C0073B857 /* Build configuration list for PBXNativeTarget "MutationPlanet-ios" */;
			buildPhases = (
				5B61611514CCC24C0073B857 /* Sources */,
				5B61611714CCC24C0073B857 /* Frameworks */,
				5B61612414CCC24C0073B857 /* ShellScript */,
				5B61612514CCC24C0073B857 /* Resources */,
			);
			buildRules = (
			);
			dependencies = (
				BDBFA8601883490A00342B78 /* PBXTargetDependency */,
			);
			name = "MutationPlanet-ios";
			productName = MutationPlanet;
			productReference = 5B61612C14CCC24C0073B857 /* MutationPlanet-ios.app */;
			productType = "com.apple.product-type.application";
		};
/* End PBXNativeTarget section */

/* Begin PBXProject section */
		42C932B31491A0DB0098216A /* Project object */ = {
			isa = PBXProject;
			attributes = {
				LastUpgradeCheck = 0610;
			};
			buildConfigurationList = 42C932B61491A0DB0098216A /* Build configuration list for PBXProject "MutationPlanet" */;
			compatibilityVersion = "Xcode 3.2";
			developmentRegion = English;
			hasScannedForEncodings = 0;
			knownRegions = (
				en,
			);
			mainGroup = 42C932B11491A0DB0098216A;
			productRefGroup = 42C932BD1491A0DB0098216A /* Products */;
			projectDirPath = "";
			projectReferences = (
				{
					ProductGroup = BDBFA857188347B000342B78 /* Products */;
					ProjectRef = 5BC4E77F150F879E00CBE1C0 /* gameplay.xcodeproj */;
				},
			);
			projectRoot = "";
			targets = (
				42C932BB1491A0DB0098216A /* MutationPlanet-macosx */,
				5B61611414CCC24C0073B857 /* MutationPlanet-ios */,
			);
		};
/* End PBXProject section */

/* Begin PBXReferenceProxy section */
		BDBFA85C188347B000342B78 /* libgameplay.a */ = {
			isa = PBXReferenceProxy;
			fileType = archive.ar;
			path = libgameplay.a;
			remoteRef = BDBFA85B188347B000342B78 /* PBXContainerItemProxy */;
			sourceTree = BUILT_PRODUCTS_DIR;
		};
		BDBFA85E188347B000342B78 /* libgameplay.a */ = {
			isa = PBXReferenceProxy;
			fileType = archive.ar;
			path = libgameplay.a;
			remoteRef = BDBFA85D188347B000342B78 /* PBXContainerItemProxy */;
			sourceTree = BUILT_PRODUCTS_DIR;
		};
/* End PBXReferenceProxy section */

/* Begin PBXResourcesBuildPhase section */
		42C932BA1491A0DB0098216A /* Resources */ = {
			isa = PBXResourcesBuildPhase;
			buildActionMask = 2147483647;
			files = (
				42C932EE1491A4CB0098216A /* icon.png in Resources */,
				76F183481A2BD7FA00CD7E49 /* Images.xcassets in Resources */,
				428F7BDE15CB131A009ED24C /* game.config in Resources */,
				42C932F31491A53E0098216A /* res in Resources */,
				76F183461A2BD7E300CD7E49 /* icon1024.png in Resources */,
			);
			runOnlyForDeploymentPostprocessing = 0;
		};
		5B61612514CCC24C0073B857 /* Resources */ = {
			isa = PBXResourcesBuildPhase;
			buildActionMask = 2147483647;
			files = (
				5B61612614CCC24C0073B857 /* icon.png in Resources */,
				5B61612714CCC24C0073B857 /* res in Resources */,
				42049B7D16ADBCDB005DD1F9 /* Default-568h@2x.png in Resources */,
			);
			runOnlyForDeploymentPostprocessing = 0;
		};
/* End PBXResourcesBuildPhase section */

/* Begin PBXShellScriptBuildPhase section */
		42C933301491A7B50098216A /* ShellScript */ = {
			isa = PBXShellScriptBuildPhase;
			buildActionMask = 2147483647;
			files = (
			);
			inputPaths = (
			);
			outputPaths = (
			);
			runOnlyForDeploymentPostprocessing = 0;
			shellPath = /bin/sh;
			shellScript = "rsync -rau ../gameplay/gameplay/res/shaders ${SRCROOT}/res\nrsync -rau ../gameplay/gameplay/res/ui ${SRCROOT}/res\ncp -rf ../gameplay/gameplay/res/logo_powered_white.png ${SRCROOT}/res\ntouch -cm ${SRCROOT}/res";
		};
		5B61612414CCC24C0073B857 /* ShellScript */ = {
			isa = PBXShellScriptBuildPhase;
			buildActionMask = 2147483647;
			files = (
			);
			inputPaths = (
			);
			outputPaths = (
			);
			runOnlyForDeploymentPostprocessing = 0;
			shellPath = /bin/sh;
			shellScript = "rsync -rau ../gameplay/gameplay/res/shaders ${SRCROOT}/res\nrsync -rau ../gameplay/gameplay/res/ui ${SRCROOT}/res\ncp -rf ../gameplay/gameplay/res/logo_powered_white.png ${SRCROOT}/res\ntouch -cm ${SRCROOT}/res";
		};
/* End PBXShellScriptBuildPhase section */

/* Begin PBXSourcesBuildPhase section */
		42C932B81491A0DB0098216A /* Sources */ = {
			isa = PBXSourcesBuildPhase;
			buildActionMask = 2147483647;
			files = (
				76F183391A2BD60B00CD7E49 /* UtilsRandom.cpp in Sources */,
				76F183211A2BD60B00CD7E49 /* Agent.cpp in Sources */,
				76F183331A2BD60B00CD7E49 /* ScalableSlider.cpp in Sources */,
				76F183271A2BD60B00CD7E49 /* InstructionSet.cpp in Sources */,
				76F183371A2BD60B00CD7E49 /* SphereWorld.cpp in Sources */,
				76F183351A2BD60B00CD7E49 /* SpherePointFinderLinkedList.cpp in Sources */,
				76F183251A2BD60B00CD7E49 /* Genome.cpp in Sources */,
				76F183311A2BD60B00CD7E49 /* Parameters.cpp in Sources */,
				76F1832D1A2BD60B00CD7E49 /* Main_SaveLoad.cpp in Sources */,
				76F1832B1A2BD60B00CD7E49 /* Main_InsertCritter.cpp in Sources */,
				76F183231A2BD60B00CD7E49 /* arcball.cpp in Sources */,
				76F1832F1A2BD60B00CD7E49 /* Main.cpp in Sources */,
				76F183291A2BD60B00CD7E49 /* Main_Genealogy.cpp in Sources */,
			);
			runOnlyForDeploymentPostprocessing = 0;
		};
		5B61611514CCC24C0073B857 /* Sources */ = {
			isa = PBXSourcesBuildPhase;
			buildActionMask = 2147483647;
			files = (
				76F1833A1A2BD60B00CD7E49 /* UtilsRandom.cpp in Sources */,
				76F183221A2BD60B00CD7E49 /* Agent.cpp in Sources */,
				76F183341A2BD60B00CD7E49 /* ScalableSlider.cpp in Sources */,
				76F183281A2BD60B00CD7E49 /* InstructionSet.cpp in Sources */,
				76F183421A2BD60B00CD7E49 /* ZYWebView.cpp in Sources */,
				76F183381A2BD60B00CD7E49 /* SphereWorld.cpp in Sources */,
				76F183361A2BD60B00CD7E49 /* SpherePointFinderLinkedList.cpp in Sources */,
				76F183261A2BD60B00CD7E49 /* Genome.cpp in Sources */,
				76F183321A2BD60B00CD7E49 /* Parameters.cpp in Sources */,
				76F1832E1A2BD60B00CD7E49 /* Main_SaveLoad.cpp in Sources */,
				76F1832C1A2BD60B00CD7E49 /* Main_InsertCritter.cpp in Sources */,
				76F183241A2BD60B00CD7E49 /* arcball.cpp in Sources */,
				76F1833E1A2BD60B00CD7E49 /* ZYWebView.mm in Sources */,
				76F183301A2BD60B00CD7E49 /* Main.cpp in Sources */,
				76F183401A2BD60B00CD7E49 /* ZYWebView_iOS.mm in Sources */,
				76F1832A1A2BD60B00CD7E49 /* Main_Genealogy.cpp in Sources */,
			);
			runOnlyForDeploymentPostprocessing = 0;
		};
/* End PBXSourcesBuildPhase section */

/* Begin PBXTargetDependency section */
		BDBFA8601883490A00342B78 /* PBXTargetDependency */ = {
			isa = PBXTargetDependency;
			name = "gameplay-ios";
			targetProxy = BDBFA85F1883490A00342B78 /* PBXContainerItemProxy */;
		};
/* End PBXTargetDependency section */

/* Begin XCBuildConfiguration section */
		42C932D81491A0DB0098216A /* Debug */ = {
			isa = XCBuildConfiguration;
			buildSettings = {
				ALWAYS_SEARCH_USER_PATHS = NO;
				CLANG_WARN_BOOL_CONVERSION = YES;
				CLANG_WARN_CONSTANT_CONVERSION = YES;
				CLANG_WARN_EMPTY_BODY = YES;
				CLANG_WARN_ENUM_CONVERSION = YES;
				CLANG_WARN_INT_CONVERSION = YES;
				CLANG_WARN_UNREACHABLE_CODE = YES;
				CLANG_WARN__DUPLICATE_METHOD_MATCH = YES;
				COPY_PHASE_STRIP = NO;
				ENABLE_STRICT_OBJC_MSGSEND = YES;
				GCC_C_LANGUAGE_STANDARD = gnu99;
				GCC_DYNAMIC_NO_PIC = NO;
				GCC_ENABLE_OBJC_EXCEPTIONS = YES;
				GCC_OPTIMIZATION_LEVEL = 0;
				GCC_PREPROCESSOR_DEFINITIONS = (
					"DEBUG=1",
					"$(inherited)",
				);
				GCC_SYMBOLS_PRIVATE_EXTERN = NO;
				GCC_VERSION = com.apple.compilers.llvm.clang.1_0;
				GCC_WARN_64_TO_32_BIT_CONVERSION = YES;
				GCC_WARN_ABOUT_MISSING_PROTOTYPES = YES;
				GCC_WARN_ABOUT_RETURN_TYPE = YES;
				GCC_WARN_UNDECLARED_SELECTOR = YES;
				GCC_WARN_UNINITIALIZED_AUTOS = YES;
				GCC_WARN_UNUSED_FUNCTION = YES;
				GCC_WARN_UNUSED_VARIABLE = YES;
				GENERATE_PKGINFO_FILE = YES;
				INFOPLIST_FILE = "MutationPlanet-macosx.plist";
				MACOSX_DEPLOYMENT_TARGET = 10.8;
				ONLY_ACTIVE_ARCH = YES;
				PRODUCT_NAME = "$(TARGET_NAME)";
				SDKROOT = macosx;
				VALID_ARCHS = "armv7 armv7s arm64 i386 x86_64";
			};
			name = Debug;
		};
		42C932D91491A0DB0098216A /* Release */ = {
			isa = XCBuildConfiguration;
			buildSettings = {
				ALWAYS_SEARCH_USER_PATHS = NO;
				CLANG_WARN_BOOL_CONVERSION = YES;
				CLANG_WARN_CONSTANT_CONVERSION = YES;
				CLANG_WARN_EMPTY_BODY = YES;
				CLANG_WARN_ENUM_CONVERSION = YES;
				CLANG_WARN_INT_CONVERSION = YES;
				CLANG_WARN_UNREACHABLE_CODE = YES;
				CLANG_WARN__DUPLICATE_METHOD_MATCH = YES;
				COPY_PHASE_STRIP = YES;
				DEBUG_INFORMATION_FORMAT = "dwarf-with-dsym";
				ENABLE_STRICT_OBJC_MSGSEND = YES;
				GCC_C_LANGUAGE_STANDARD = gnu99;
				GCC_ENABLE_OBJC_EXCEPTIONS = YES;
				GCC_VERSION = com.apple.compilers.llvm.clang.1_0;
				GCC_WARN_64_TO_32_BIT_CONVERSION = YES;
				GCC_WARN_ABOUT_MISSING_PROTOTYPES = YES;
				GCC_WARN_ABOUT_RETURN_TYPE = YES;
				GCC_WARN_UNDECLARED_SELECTOR = YES;
				GCC_WARN_UNINITIALIZED_AUTOS = YES;
				GCC_WARN_UNUSED_FUNCTION = YES;
				GCC_WARN_UNUSED_VARIABLE = YES;
				GENERATE_PKGINFO_FILE = YES;
				INFOPLIST_FILE = "MutationPlanet-macosx.plist";
				MACOSX_DEPLOYMENT_TARGET = 10.8;
				PRODUCT_NAME = "$(TARGET_NAME)";
				SDKROOT = macosx;
				VALID_ARCHS = "armv7 armv7s arm64 i386 x86_64";
			};
			name = Release;
		};
		42C932DB1491A0DB0098216A /* Debug */ = {
			isa = XCBuildConfiguration;
			buildSettings = {
				ARCHS = "$(ARCHS_STANDARD_32_BIT)";
				ASSETCATALOG_COMPILER_APPICON_NAME = AppIcon;
				COMBINE_HIDPI_IMAGES = YES;
				GCC_PRECOMPILE_PREFIX_HEADER = NO;
				GCC_WARN_64_TO_32_BIT_CONVERSION = NO;
				GCC_WARN_UNUSED_VARIABLE = NO;
				HEADER_SEARCH_PATHS = (
					../gameplay/gameplay/src,
					"../gameplay/external-deps/bullet/include",
					"../gameplay/external-deps/lua/include",
					"../gameplay/external-deps/png/include",
					"../gameplay/external-deps/oggvorbis/include",
				);
				INFOPLIST_FILE = "MutationPlanet-macosx.plist";
				LIBRARY_SEARCH_PATHS = (
					"$(inherited)",
					"../gameplay/external-deps/bullet/lib/macosx",
					"../gameplay/external-deps/lua/lib/macosx",
					"../gameplay/external-deps/png/lib/macosx",
					"../gameplay/external-deps/oggvorbis/lib/macosx",
					../GamePlay/Libararies/MacOSX,
				);
				PRECOMPS_INCLUDE_HEADERS_FROM_BUILT_PRODUCTS_DIR = NO;
				PRODUCT_NAME = "$(TARGET_NAME)";
				USER_HEADER_SEARCH_PATHS = "";
				VALID_ARCHS = "i386 x86_64";
				WRAPPER_EXTENSION = app;
			};
			name = Debug;
		};
		42C932DC1491A0DB0098216A /* Release */ = {
			isa = XCBuildConfiguration;
			buildSettings = {
				ARCHS = "$(ARCHS_STANDARD_32_BIT)";
				ASSETCATALOG_COMPILER_APPICON_NAME = AppIcon;
				COMBINE_HIDPI_IMAGES = YES;
				GCC_PRECOMPILE_PREFIX_HEADER = NO;
				GCC_WARN_64_TO_32_BIT_CONVERSION = NO;
				GCC_WARN_UNUSED_VARIABLE = NO;
				HEADER_SEARCH_PATHS = (
					../gameplay/gameplay/src,
					"../gameplay/external-deps/bullet/include",
					"../gameplay/external-deps/lua/include",
					"../gameplay/external-deps/png/include",
					"../gameplay/external-deps/oggvorbis/include",
				);
				INFOPLIST_FILE = "MutationPlanet-macosx.plist";
				LIBRARY_SEARCH_PATHS = (
					"$(inherited)",
					"../gameplay/external-deps/bullet/lib/macosx",
					"../gameplay/external-deps/lua/lib/macosx",
					"../gameplay/external-deps/png/lib/macosx",
					"../gameplay/external-deps/oggvorbis/lib/macosx",
					../GamePlay/Libararies/MacOSX,
				);
				PRECOMPS_INCLUDE_HEADERS_FROM_BUILT_PRODUCTS_DIR = NO;
				PRODUCT_NAME = "$(TARGET_NAME)";
				USER_HEADER_SEARCH_PATHS = "";
				VALID_ARCHS = "i386 x86_64";
				WRAPPER_EXTENSION = app;
			};
			name = Release;
		};
		5B61612A14CCC24C0073B857 /* Debug */ = {
			isa = XCBuildConfiguration;
			buildSettings = {
				CLANG_CXX_LANGUAGE_STANDARD = "gnu++98";
				CLANG_CXX_LIBRARY = "libstdc++";
				CODE_SIGN_IDENTITY = "iPhone Developer";
				GCC_PRECOMPILE_PREFIX_HEADER = NO;
				GCC_WARN_64_TO_32_BIT_CONVERSION = NO;
				GCC_WARN_UNUSED_VARIABLE = NO;
				HEADER_SEARCH_PATHS = (
					../gameplay/gameplay/src,
					"../gameplay/external-deps/bullet/include",
					"../gameplay/external-deps/lua/include",
					"../gameplay/external-deps/png/include",
					"../gameplay/external-deps/oggvorbis/include",
				);
				INFOPLIST_FILE = "MutationPlanet-ios.plist";
				IPHONEOS_DEPLOYMENT_TARGET = 7.0;
				LIBRARY_SEARCH_PATHS = (
					"$(inherited)",
					"\"../gameplay/external-deps/bullet/lib/ios/$(CURRENT_ARCH)\"",
					"\"../gameplay/external-deps/lua/lib/ios/$(CURRENT_ARCH)\"",
					"\"../gameplay/external-deps/png/lib/ios/$(CURRENT_ARCH)\"",
					"\"../gameplay/external-deps/oggvorbis/lib/ios/$(CURRENT_ARCH)\"",
				);
				SDKROOT = iphoneos;
				TARGETED_DEVICE_FAMILY = 2;
				USER_HEADER_SEARCH_PATHS = "";
				VALID_ARCHS = "armv7 armv7s arm64";
				WRAPPER_EXTENSION = app;
			};
			name = Debug;
		};
		5B61612B14CCC24C0073B857 /* Release */ = {
			isa = XCBuildConfiguration;
			buildSettings = {
				CLANG_CXX_LANGUAGE_STANDARD = "gnu++98";
				CLANG_CXX_LIBRARY = "libstdc++";
				CODE_SIGN_IDENTITY = "iPhone Developer";
				GCC_PRECOMPILE_PREFIX_HEADER = NO;
				GCC_WARN_64_TO_32_BIT_CONVERSION = NO;
				GCC_WARN_UNUSED_VARIABLE = NO;
				HEADER_SEARCH_PATHS = (
					../gameplay/gameplay/src,
					"../gameplay/external-deps/bullet/include",
					"../gameplay/external-deps/lua/include",
					"../gameplay/external-deps/png/include",
					"../gameplay/external-deps/oggvorbis/include",
				);
				INFOPLIST_FILE = "MutationPlanet-ios.plist";
				IPHONEOS_DEPLOYMENT_TARGET = 7.0;
				LIBRARY_SEARCH_PATHS = (
					"$(inherited)",
					"\"../gameplay/external-deps/bullet/lib/ios/$(CURRENT_ARCH)\"",
					"\"../gameplay/external-deps/lua/lib/ios/$(CURRENT_ARCH)\"",
					"\"../gameplay/external-deps/png/lib/ios/$(CURRENT_ARCH)\"",
					"\"../gameplay/external-deps/oggvorbis/lib/ios/$(CURRENT_ARCH)\"",
				);
				SDKROOT = iphoneos;
				TARGETED_DEVICE_FAMILY = 2;
				USER_HEADER_SEARCH_PATHS = "";
				VALID_ARCHS = "armv7 armv7s arm64";
				WRAPPER_EXTENSION = app;
			};
			name = Release;
		};
/* End XCBuildConfiguration section */

/* Begin XCConfigurationList section */
		42C932B61491A0DB0098216A /* Build configuration list for PBXProject "MutationPlanet" */ = {
			isa = XCConfigurationList;
			buildConfigurations = (
				42C932D81491A0DB0098216A /* Debug */,
				42C932D91491A0DB0098216A /* Release */,
			);
			defaultConfigurationIsVisible = 0;
			defaultConfigurationName = Release;
		};
		42C932DA1491A0DB0098216A /* Build configuration list for PBXNativeTarget "MutationPlanet-macosx" */ = {
			isa = XCConfigurationList;
			buildConfigurations = (
				42C932DB1491A0DB0098216A /* Debug */,
				42C932DC1491A0DB0098216A /* Release */,
			);
			defaultConfigurationIsVisible = 0;
			defaultConfigurationName = Release;
		};
		5B61612914CCC24C0073B857 /* Build configuration list for PBXNativeTarget "MutationPlanet-ios" */ = {
			isa = XCConfigurationList;
			buildConfigurations = (
				5B61612A14CCC24C0073B857 /* Debug */,
				5B61612B14CCC24C0073B857 /* Release */,
			);
			defaultConfigurationIsVisible = 0;
			defaultConfigurationName = Release;
		};
/* End XCConfigurationList section */
	};
	rootObject = 42C932B31491A0DB0098216A /* Project object */;
}
